// !$*UTF8*$!
{
	archiveVersion = 1;
	classes = {
	};
	objectVersion = 48;
	objects = {

/* Begin PBXBuildFile section */
		DA042A571F99D24500F2EAC7 /* AppDelegate.swift in Sources */ = {isa = PBXBuildFile; fileRef = DA042A561F99D24500F2EAC7 /* AppDelegate.swift */; };
		DA042A591F99D24500F2EAC7 /* ViewController.swift in Sources */ = {isa = PBXBuildFile; fileRef = DA042A581F99D24500F2EAC7 /* ViewController.swift */; };
		DA042A5C1F99D24500F2EAC7 /* Main.storyboard in Resources */ = {isa = PBXBuildFile; fileRef = DA042A5A1F99D24500F2EAC7 /* Main.storyboard */; };
		DA042A5E1F99D24500F2EAC7 /* Assets.xcassets in Resources */ = {isa = PBXBuildFile; fileRef = DA042A5D1F99D24500F2EAC7 /* Assets.xcassets */; };
		DA042A611F99D24500F2EAC7 /* LaunchScreen.storyboard in Resources */ = {isa = PBXBuildFile; fileRef = DA042A5F1F99D24500F2EAC7 /* LaunchScreen.storyboard */; };
		DA042A691F99D25D00F2EAC7 /* Request.swift in Sources */ = {isa = PBXBuildFile; fileRef = DA042A681F99D25D00F2EAC7 /* Request.swift */; };
		DA126C511FA021040072E946 /* ParsePost.swift in Sources */ = {isa = PBXBuildFile; fileRef = DA126C501FA021040072E946 /* ParsePost.swift */; };
		DA82561C1F9F0ABE00F32365 /* ParseJSON.swift in Sources */ = {isa = PBXBuildFile; fileRef = DA82561B1F9F0ABE00F32365 /* ParseJSON.swift */; };
/* End PBXBuildFile section */

/* Begin PBXFileReference section */
		DA042A531F99D24500F2EAC7 /* DocBaseAPIPractice.app */ = {isa = PBXFileReference; explicitFileType = wrapper.application; includeInIndex = 0; path = DocBaseAPIPractice.app; sourceTree = BUILT_PRODUCTS_DIR; };
		DA042A561F99D24500F2EAC7 /* AppDelegate.swift */ = {isa = PBXFileReference; lastKnownFileType = sourcecode.swift; path = AppDelegate.swift; sourceTree = "<group>"; };
		DA042A581F99D24500F2EAC7 /* ViewController.swift */ = {isa = PBXFileReference; lastKnownFileType = sourcecode.swift; path = ViewController.swift; sourceTree = "<group>"; };
		DA042A5B1F99D24500F2EAC7 /* Base */ = {isa = PBXFileReference; lastKnownFileType = file.storyboard; name = Base; path = Base.lproj/Main.storyboard; sourceTree = "<group>"; };
		DA042A5D1F99D24500F2EAC7 /* Assets.xcassets */ = {isa = PBXFileReference; lastKnownFileType = folder.assetcatalog; path = Assets.xcassets; sourceTree = "<group>"; };
		DA042A601F99D24500F2EAC7 /* Base */ = {isa = PBXFileReference; lastKnownFileType = file.storyboard; name = Base; path = Base.lproj/LaunchScreen.storyboard; sourceTree = "<group>"; };
		DA042A621F99D24500F2EAC7 /* Info.plist */ = {isa = PBXFileReference; lastKnownFileType = text.plist.xml; path = Info.plist; sourceTree = "<group>"; };
		DA042A681F99D25D00F2EAC7 /* Request.swift */ = {isa = PBXFileReference; lastKnownFileType = sourcecode.swift; path = Request.swift; sourceTree = "<group>"; };
		DA126C501FA021040072E946 /* ParsePost.swift */ = {isa = PBXFileReference; lastKnownFileType = sourcecode.swift; path = ParsePost.swift; sourceTree = "<group>"; };
		DA82561B1F9F0ABE00F32365 /* ParseJSON.swift */ = {isa = PBXFileReference; lastKnownFileType = sourcecode.swift; path = ParseJSON.swift; sourceTree = "<group>"; };
/* End PBXFileReference section */

/* Begin PBXFrameworksBuildPhase section */
		DA042A501F99D24500F2EAC7 /* Frameworks */ = {
			isa = PBXFrameworksBuildPhase;
			buildActionMask = 2147483647;
			files = (
			);
			runOnlyForDeploymentPostprocessing = 0;
		};
/* End PBXFrameworksBuildPhase section */

/* Begin PBXGroup section */
		DA042A4A1F99D24500F2EAC7 = {
			isa = PBXGroup;
			children = (
				DA042A551F99D24500F2EAC7 /* DocBaseAPIPractice */,
				DA042A541F99D24500F2EAC7 /* Products */,
			);
			sourceTree = "<group>";
		};
		DA042A541F99D24500F2EAC7 /* Products */ = {
			isa = PBXGroup;
			children = (
				DA042A531F99D24500F2EAC7 /* DocBaseAPIPractice.app */,
			);
			name = Products;
			sourceTree = "<group>";
		};
		DA042A551F99D24500F2EAC7 /* DocBaseAPIPractice */ = {
			isa = PBXGroup;
			children = (
				DA042A681F99D25D00F2EAC7 /* Request.swift */,
				DA82561B1F9F0ABE00F32365 /* ParseJSON.swift */,
				DA126C501FA021040072E946 /* ParsePost.swift */,
				DA042A561F99D24500F2EAC7 /* AppDelegate.swift */,
				DA042A581F99D24500F2EAC7 /* ViewController.swift */,
				DA042A5A1F99D24500F2EAC7 /* Main.storyboard */,
				DA042A5D1F99D24500F2EAC7 /* Assets.xcassets */,
				DA042A5F1F99D24500F2EAC7 /* LaunchScreen.storyboard */,
				DA042A621F99D24500F2EAC7 /* Info.plist */,
			);
			path = DocBaseAPIPractice;
			sourceTree = "<group>";
		};
/* End PBXGroup section */

/* Begin PBXNativeTarget section */
		DA042A521F99D24500F2EAC7 /* DocBaseAPIPractice */ = {
			isa = PBXNativeTarget;
			buildConfigurationList = DA042A651F99D24500F2EAC7 /* Build configuration list for PBXNativeTarget "DocBaseAPIPractice" */;
			buildPhases = (
				DA042A4F1F99D24500F2EAC7 /* Sources */,
				DA042A501F99D24500F2EAC7 /* Frameworks */,
				DA042A511F99D24500F2EAC7 /* Resources */,
			);
			buildRules = (
			);
			dependencies = (
			);
			name = DocBaseAPIPractice;
			productName = DocBaseAPIPractice;
			productReference = DA042A531F99D24500F2EAC7 /* DocBaseAPIPractice.app */;
			productType = "com.apple.product-type.application";
		};
/* End PBXNativeTarget section */

/* Begin PBXProject section */
		DA042A4B1F99D24500F2EAC7 /* Project object */ = {
			isa = PBXProject;
			attributes = {
				LastSwiftUpdateCheck = 0900;
				LastUpgradeCheck = 0900;
				ORGANIZATIONNAME = "jeon sangjun";
				TargetAttributes = {
					DA042A521F99D24500F2EAC7 = {
						CreatedOnToolsVersion = 9.0;
						LastSwiftMigration = 0900;
						ProvisioningStyle = Automatic;
					};
				};
			};
			buildConfigurationList = DA042A4E1F99D24500F2EAC7 /* Build configuration list for PBXProject "DocBaseAPIPractice" */;
			compatibilityVersion = "Xcode 8.0";
			developmentRegion = en;
			hasScannedForEncodings = 0;
			knownRegions = (
				en,
				Base,
			);
			mainGroup = DA042A4A1F99D24500F2EAC7;
			productRefGroup = DA042A541F99D24500F2EAC7 /* Products */;
			projectDirPath = "";
			projectRoot = "";
			targets = (
				DA042A521F99D24500F2EAC7 /* DocBaseAPIPractice */,
			);
		};
/* End PBXProject section */

/* Begin PBXResourcesBuildPhase section */
		DA042A511F99D24500F2EAC7 /* Resources */ = {
			isa = PBXResourcesBuildPhase;
			buildActionMask = 2147483647;
			files = (
				DA042A611F99D24500F2EAC7 /* LaunchScreen.storyboard in Resources */,
				DA042A5E1F99D24500F2EAC7 /* Assets.xcassets in Resources */,
				DA042A5C1F99D24500F2EAC7 /* Main.storyboard in Resources */,
			);
			runOnlyForDeploymentPostprocessing = 0;
		};
/* End PBXResourcesBuildPhase section */

/* Begin PBXSourcesBuildPhase section */
		DA042A4F1F99D24500F2EAC7 /* Sources */ = {
			isa = PBXSourcesBuildPhase;
			buildActionMask = 2147483647;
			files = (
				DA042A591F99D24500F2EAC7 /* ViewController.swift in Sources */,
				DA042A691F99D25D00F2EAC7 /* Request.swift in Sources */,
				DA042A571F99D24500F2EAC7 /* AppDelegate.swift in Sources */,
				DA82561C1F9F0ABE00F32365 /* ParseJSON.swift in Sources */,
				DA126C511FA021040072E946 /* ParsePost.swift in Sources */,
			);
			runOnlyForDeploymentPostprocessing = 0;
		};
/* End PBXSourcesBuildPhase section */

/* Begin PBXVariantGroup section */
		DA042A5A1F99D24500F2EAC7 /* Main.storyboard */ = {
			isa = PBXVariantGroup;
			children = (
				DA042A5B1F99D24500F2EAC7 /* Base */,
			);
			name = Main.storyboard;
			sourceTree = "<group>";
		};
		DA042A5F1F99D24500F2EAC7 /* LaunchScreen.storyboard */ = {
			isa = PBXVariantGroup;
			children = (
				DA042A601F99D24500F2EAC7 /* Base */,
			);
			name = LaunchScreen.storyboard;
			sourceTree = "<group>";
		};
/* End PBXVariantGroup section */

/* Begin XCBuildConfiguration section */
		DA042A631F99D24500F2EAC7 /* Debug */ = {
			isa = XCBuildConfiguration;
			buildSettings = {
				ALWAYS_SEARCH_USER_PATHS = NO;
				CLANG_ANALYZER_NONNULL = YES;
				CLANG_ANALYZER_NUMBER_OBJECT_CONVERSION = YES_AGGRESSIVE;
				CLANG_CXX_LANGUAGE_STANDARD = "gnu++14";
				CLANG_CXX_LIBRARY = "libc++";
				CLANG_ENABLE_MODULES = YES;
				CLANG_ENABLE_OBJC_ARC = YES;
				CLANG_WARN_BLOCK_CAPTURE_AUTORELEASING = YES;
				CLANG_WARN_BOOL_CONVERSION = YES;
				CLANG_WARN_COMMA = YES;
				CLANG_WARN_CONSTANT_CONVERSION = YES;
				CLANG_WARN_DIRECT_OBJC_ISA_USAGE = YES_ERROR;
				CLANG_WARN_DOCUMENTATION_COMMENTS = YES;
				CLANG_WARN_EMPTY_BODY = YES;
				CLANG_WARN_ENUM_CONVERSION = YES;
				CLANG_WARN_INFINITE_RECURSION = YES;
				CLANG_WARN_INT_CONVERSION = YES;
				CLANG_WARN_NON_LITERAL_NULL_CONVERSION = YES;
				CLANG_WARN_OBJC_LITERAL_CONVERSION = YES;
				CLANG_WARN_OBJC_ROOT_CLASS = YES_ERROR;
				CLANG_WARN_RANGE_LOOP_ANALYSIS = YES;
				CLANG_WARN_STRICT_PROTOTYPES = YES;
				CLANG_WARN_SUSPICIOUS_MOVE = YES;
				CLANG_WARN_UNGUARDED_AVAILABILITY = YES_AGGRESSIVE;
				CLANG_WARN_UNREACHABLE_CODE = YES;
				CLANG_WARN__DUPLICATE_METHOD_MATCH = YES;
				CODE_SIGN_IDENTITY = "iPhone Developer";
				COPY_PHASE_STRIP = NO;
				DEBUG_INFORMATION_FORMAT = dwarf;
				ENABLE_STRICT_OBJC_MSGSEND = YES;
				ENABLE_TESTABILITY = YES;
				GCC_C_LANGUAGE_STANDARD = gnu11;
				GCC_DYNAMIC_NO_PIC = NO;
				GCC_NO_COMMON_BLOCKS = YES;
				GCC_OPTIMIZATION_LEVEL = 0;
				GCC_PREPROCESSOR_DEFINITIONS = (
					"DEBUG=1",
					"$(inherited)",
				);
				GCC_WARN_64_TO_32_BIT_CONVERSION = YES;
				GCC_WARN_ABOUT_RETURN_TYPE = YES_ERROR;
				GCC_WARN_UNDECLARED_SELECTOR = YES;
				GCC_WARN_UNINITIALIZED_AUTOS = YES_AGGRESSIVE;
				GCC_WARN_UNUSED_FUNCTION = YES;
				GCC_WARN_UNUSED_VARIABLE = YES;
				IPHONEOS_DEPLOYMENT_TARGET = 11.0;
				MTL_ENABLE_DEBUG_INFO = YES;
				ONLY_ACTIVE_ARCH = YES;
				SDKROOT = iphoneos;
				SWIFT_ACTIVE_COMPILATION_CONDITIONS = DEBUG;
				SWIFT_OPTIMIZATION_LEVEL = "-Onone";
			};
			name = Debug;
		};
		DA042A641F99D24500F2EAC7 /* Release */ = {
			isa = XCBuildConfiguration;
			buildSettings = {
				ALWAYS_SEARCH_USER_PATHS = NO;
				CLANG_ANALYZER_NONNULL = YES;
				CLANG_ANALYZER_NUMBER_OBJECT_CONVERSION = YES_AGGRESSIVE;
				CLANG_CXX_LANGUAGE_STANDARD = "gnu++14";
				CLANG_CXX_LIBRARY = "libc++";
				CLANG_ENABLE_MODULES = YES;
				CLANG_ENABLE_OBJC_ARC = YES;
				CLANG_WARN_BLOCK_CAPTURE_AUTORELEASING = YES;
				CLANG_WARN_BOOL_CONVERSION = YES;
				CLANG_WARN_COMMA = YES;
				CLANG_WARN_CONSTANT_CONVERSION = YES;
				CLANG_WARN_DIRECT_OBJC_ISA_USAGE = YES_ERROR;
				CLANG_WARN_DOCUMENTATION_COMMENTS = YES;
				CLANG_WARN_EMPTY_BODY = YES;
				CLANG_WARN_ENUM_CONVERSION = YES;
				CLANG_WARN_INFINITE_RECURSION = YES;
				CLANG_WARN_INT_CONVERSION = YES;
				CLANG_WARN_NON_LITERAL_NULL_CONVERSION = YES;
				CLANG_WARN_OBJC_LITERAL_CONVERSION = YES;
				CLANG_WARN_OBJC_ROOT_CLASS = YES_ERROR;
				CLANG_WARN_RANGE_LOOP_ANALYSIS = YES;
				CLANG_WARN_STRICT_PROTOTYPES = YES;
				CLANG_WARN_SUSPICIOUS_MOVE = YES;
				CLANG_WARN_UNGUARDED_AVAILABILITY = YES_AGGRESSIVE;
				CLANG_WARN_UNREACHABLE_CODE = YES;
				CLANG_WARN__DUPLICATE_METHOD_MATCH = YES;
				CODE_SIGN_IDENTITY = "iPhone Developer";
				COPY_PHASE_STRIP = NO;
				DEBUG_INFORMATION_FORMAT = "dwarf-with-dsym";
				ENABLE_NS_ASSERTIONS = NO;
				ENABLE_STRICT_OBJC_MSGSEND = YES;
				GCC_C_LANGUAGE_STANDARD = gnu11;
				GCC_NO_COMMON_BLOCKS = YES;
				GCC_WARN_64_TO_32_BIT_CONVERSION = YES;
				GCC_WARN_ABOUT_RETURN_TYPE = YES_ERROR;
				GCC_WARN_UNDECLARED_SELECTOR = YES;
				GCC_WARN_UNINITIALIZED_AUTOS = YES_AGGRESSIVE;
				GCC_WARN_UNUSED_FUNCTION = YES;
				GCC_WARN_UNUSED_VARIABLE = YES;
				IPHONEOS_DEPLOYMENT_TARGET = 11.0;
				MTL_ENABLE_DEBUG_INFO = NO;
				SDKROOT = iphoneos;
				SWIFT_OPTIMIZATION_LEVEL = "-Owholemodule";
				VALIDATE_PRODUCT = YES;
			};
			name = Release;
		};
		DA042A661F99D24500F2EAC7 /* Debug */ = {
			isa = XCBuildConfiguration;
			buildSettings = {
				ASSETCATALOG_COMPILER_APPICON_NAME = AppIcon;
				CODE_SIGN_STYLE = Automatic;
				INFOPLIST_FILE = DocBaseAPIPractice/Info.plist;
				IPHONEOS_DEPLOYMENT_TARGET = 10.3;
				LD_RUNPATH_SEARCH_PATHS = "$(inherited) @executable_path/Frameworks";
				PRODUCT_BUNDLE_IDENTIFIER = "jp.co.archive-asia.DocBaseAPIPractice";
				PRODUCT_NAME = "$(TARGET_NAME)";
				SWIFT_VERSION = 4.0;
				TARGETED_DEVICE_FAMILY = "1,2";
			};
			name = Debug;
		};
		DA042A671F99D24500F2EAC7 /* Release */ = {
			isa = XCBuildConfiguration;
			buildSettings = {
				ASSETCATALOG_COMPILER_APPICON_NAME = AppIcon;
				CODE_SIGN_STYLE = Automatic;
				INFOPLIST_FILE = DocBaseAPIPractice/Info.plist;
				IPHONEOS_DEPLOYMENT_TARGET = 10.3;
				LD_RUNPATH_SEARCH_PATHS = "$(inherited) @executable_path/Frameworks";
				PRODUCT_BUNDLE_IDENTIFIER = "jp.co.archive-asia.DocBaseAPIPractice";
				PRODUCT_NAME = "$(TARGET_NAME)";
				SWIFT_VERSION = 4.0;
				TARGETED_DEVICE_FAMILY = "1,2";
			};
			name = Release;
		};
/* End XCBuildConfiguration section */

/* Begin XCConfigurationList section */
		DA042A4E1F99D24500F2EAC7 /* Build configuration list for PBXProject "DocBaseAPIPractice" */ = {
			isa = XCConfigurationList;
			buildConfigurations = (
				DA042A631F99D24500F2EAC7 /* Debug */,
				DA042A641F99D24500F2EAC7 /* Release */,
			);
			defaultConfigurationIsVisible = 0;
			defaultConfigurationName = Release;
		};
		DA042A651F99D24500F2EAC7 /* Build configuration list for PBXNativeTarget "DocBaseAPIPractice" */ = {
			isa = XCConfigurationList;
			buildConfigurations = (
				DA042A661F99D24500F2EAC7 /* Debug */,
				DA042A671F99D24500F2EAC7 /* Release */,
			);
			defaultConfigurationIsVisible = 0;
			defaultConfigurationName = Release;
		};
/* End XCConfigurationList section */
	};
	rootObject = DA042A4B1F99D24500F2EAC7 /* Project object */;
}
